
Microsoft Visual Studio Solution File, Format Version 12.00
# Visual Studio 15
Project("{FAE04EC0-301F-11D3-BF4B-00C04F79EFBC}") = "Assembly-CSharp", "Assembly-CSharp.csproj", "{F008561C-CA28-5720-45D9-7C30E692DFFC}"
EndProject
Project("{FAE04EC0-301F-11D3-BF4B-00C04F79EFBC}") = "Assembly-CSharp-Editor", "Assembly-CSharp-Editor.csproj", "{BC2AA2E2-4DC7-25F2-264C-F0CD43C7712C}"
EndProject
Global
	GlobalSection(SolutionConfigurationPlatforms) = preSolution
		Debug|Any CPU = Debug|Any CPU
		Release|Any CPU = Release|Any CPU
	EndGlobalSection
	GlobalSection(ProjectConfigurationPlatforms) = postSolution
		{F008561C-CA28-5720-45D9-7C30E692DFFC}.Debug|Any CPU.ActiveCfg = Debug|Any CPU
		{F008561C-CA28-5720-45D9-7C30E692DFFC}.Debug|Any CPU.Build.0 = Debug|Any CPU
		{F008561C-CA28-5720-45D9-7C30E692DFFC}.Release|Any CPU.ActiveCfg = Release|Any CPU
		{F008561C-CA28-5720-45D9-7C30E692DFFC}.Release|Any CPU.Build.0 = Release|Any CPU
		{BC2AA2E2-4DC7-25F2-264C-F0CD43C7712C}.Debug|Any CPU.ActiveCfg = Debug|Any CPU
		{BC2AA2E2-4DC7-25F2-264C-F0CD43C7712C}.Debug|Any CPU.Build.0 = Debug|Any CPU
		{BC2AA2E2-4DC7-25F2-264C-F0CD43C7712C}.Release|Any CPU.ActiveCfg = Release|Any CPU
		{BC2AA2E2-4DC7-25F2-264C-F0CD43C7712C}.Release|Any CPU.Build.0 = Release|Any CPU
	EndGlobalSection
	GlobalSection(SolutionProperties) = preSolution
		HideSolutionNode = FALSE
	EndGlobalSection
EndGlobal
